
Microsoft Visual Studio Solution File, Format Version 12.00
# Visual Studio Version 16
VisualStudioVersion = 16.0.30011.22
MinimumVisualStudioVersion = 10.0.40219.1
Project("{FAE04EC0-301F-11D3-BF4B-00C04F79EFBC}") = "exo1tp2core", "exo1tp2core\exo1tp2core.csproj", "{FA13B1BE-3A45-42A9-94E2-C7890DBE9F74}"
EndProject
Global
	GlobalSection(SolutionConfigurationPlatforms) = preSolution
		Debug|Any CPU = Debug|Any CPU
		Release|Any CPU = Release|Any CPU
	EndGlobalSection
	GlobalSection(ProjectConfigurationPlatforms) = postSolution
		{FA13B1BE-3A45-42A9-94E2-C7890DBE9F74}.Debug|Any CPU.ActiveCfg = Debug|Any CPU
		{FA13B1BE-3A45-42A9-94E2-C7890DBE9F74}.Debug|Any CPU.Build.0 = Debug|Any CPU
		{FA13B1BE-3A45-42A9-94E2-C7890DBE9F74}.Release|Any CPU.ActiveCfg = Release|Any CPU
		{FA13B1BE-3A45-42A9-94E2-C7890DBE9F74}.Release|Any CPU.Build.0 = Release|Any CPU
	EndGlobalSection
	GlobalSection(SolutionProperties) = preSolution
		HideSolutionNode = FALSE
	EndGlobalSection
	GlobalSection(ExtensibilityGlobals) = postSolution
		SolutionGuid = {A45CBEDB-6AA5-422B-AA7D-8A9F418B510D}
	EndGlobalSection
EndGlobal
